// !$*UTF8*$!
{
	archiveVersion = 1;
	classes = {
	};
	objectVersion = 54;
	objects = {

/* Begin PBXBuildFile section */
		0C80B921A6F3F58F76C31292 /* libPods-AMKTest.a in Frameworks */ = {isa = PBXBuildFile; fileRef = 5DCACB8F33CDC322A6C60F78 /* libPods-AMKTest.a */; };
		13B07FBF1A68108700A75B9A /* Images.xcassets in Resources */ = {isa = PBXBuildFile; fileRef = 13B07FB51A68108700A75B9A /* Images.xcassets */; };
		228FBD4522014DDFB9CAB0A9 /* Gilroy-UltraLight.ttf in Resources */ = {isa = PBXBuildFile; fileRef = 32E043A3A3A848FEB039F7BB /* Gilroy-UltraLight.ttf */; };
		258C1F3FA9C74AC1A3014FC6 /* Lexend-SemiBold.ttf in Resources */ = {isa = PBXBuildFile; fileRef = E692B19AE75A4A8D81B6FD17 /* Lexend-SemiBold.ttf */; };
		2A084C04B10D416DB6FF94AD /* Gilroy-ExtraBold.ttf in Resources */ = {isa = PBXBuildFile; fileRef = DAA0BE5815A740D3AC75A13A /* Gilroy-ExtraBold.ttf */; };
		2A53CC395D274D448F8931DE /* Gilroy-RegularItalic.ttf in Resources */ = {isa = PBXBuildFile; fileRef = 213E5D6664CC46E7A456AA76 /* Gilroy-RegularItalic.ttf */; };
		2F6D963DDF574C9E8E9507CC /* Lexend-Thin.ttf in Resources */ = {isa = PBXBuildFile; fileRef = 4B7FCF33EE0142DA85C00E61 /* Lexend-Thin.ttf */; };
		3A47E48224DC422E964C4F9A /* Lexend-Medium.ttf in Resources */ = {isa = PBXBuildFile; fileRef = 02615031D9A24643B279DD6C /* Lexend-Medium.ttf */; };
		3FB43AFC871245D0B0C9EE85 /* Gilroy-Light.ttf in Resources */ = {isa = PBXBuildFile; fileRef = BDB5D605234643E3B9BFC803 /* Gilroy-Light.ttf */; };
		5D5D184458184FDEB0324A4C /* Gilroy-ThinItalic.ttf in Resources */ = {isa = PBXBuildFile; fileRef = E2A46F5A8181498588FEBD2B /* Gilroy-ThinItalic.ttf */; };
		67187D62274941E8AA4BEF2F /* Lexend-ExtraBold.ttf in Resources */ = {isa = PBXBuildFile; fileRef = 27969558AA7A466F9D71FDEB /* Lexend-ExtraBold.ttf */; };
		6A397EB51FC066EEE57E08A9 /* PrivacyInfo.xcprivacy in Resources */ = {isa = PBXBuildFile; fileRef = 13B07FB81A68108700A75B9A /* PrivacyInfo.xcprivacy */; };
		761780ED2CA45674006654EE /* AppDelegate.swift in Sources */ = {isa = PBXBuildFile; fileRef = 761780EC2CA45674006654EE /* AppDelegate.swift */; };
		81AB9BB82411601600AC10FF /* LaunchScreen.storyboard in Resources */ = {isa = PBXBuildFile; fileRef = 81AB9BB72411601600AC10FF /* LaunchScreen.storyboard */; };
		90A9A750929D4250A9DD7BE2 /* Gilroy-Medium.ttf in Resources */ = {isa = PBXBuildFile; fileRef = 8FA9F09A1CB541A5B5CA1C13 /* Gilroy-Medium.ttf */; };
		95CDFFE7588845329E9641AE /* Gilroy-HeavyItalic.ttf in Resources */ = {isa = PBXBuildFile; fileRef = AE62D6ECE25E409C825E9B2C /* Gilroy-HeavyItalic.ttf */; };
		99833F764C1B4ECD83936B0B /* Lexend-Light.ttf in Resources */ = {isa = PBXBuildFile; fileRef = CCFA3E1B482642A8B18468FF /* Lexend-Light.ttf */; };
		9CDD5A4213184BA0A3D0DFEA /* Lexend-Black.ttf in Resources */ = {isa = PBXBuildFile; fileRef = 7F4B053580BF43E0AF4D136A /* Lexend-Black.ttf */; };
		A2614AE1564444B1AAE71B92 /* Lexend-ExtraLight.ttf in Resources */ = {isa = PBXBuildFile; fileRef = B325E58E662E4AC8B10DC8EA /* Lexend-ExtraLight.ttf */; };
		B69A54FE408644A0B8AED45C /* Gilroy-Bold.ttf in Resources */ = {isa = PBXBuildFile; fileRef = 88B3B2A59B4E4D3E9F87F628 /* Gilroy-Bold.ttf */; };
		BD1BBA3B60BA4308A8098737 /* Gilroy-Thin.ttf in Resources */ = {isa = PBXBuildFile; fileRef = 26F1FDADAD594186AF7EB5EA /* Gilroy-Thin.ttf */; };
		CB0F0091F77844ED9BC6A800 /* Gilroy-Regular.ttf in Resources */ = {isa = PBXBuildFile; fileRef = C004CEF5759F4CDE83C8C0B1 /* Gilroy-Regular.ttf */; };
		D1C7EA4D3FB9458B8CF79543 /* Gilroy-Black.ttf in Resources */ = {isa = PBXBuildFile; fileRef = 92702BFC983F45BC944DA392 /* Gilroy-Black.ttf */; };
		D3325FF9DC18425EB8ED5116 /* Lexend-VariableFont_wght.ttf in Resources */ = {isa = PBXBuildFile; fileRef = F149D74E830B4190B0F23DAB /* Lexend-VariableFont_wght.ttf */; };
		D348FDCC1EEF4CB389471194 /* Gilroy-UltraLightItalic.ttf in Resources */ = {isa = PBXBuildFile; fileRef = 8C5A68943EF244CD8B2CC3C3 /* Gilroy-UltraLightItalic.ttf */; };
		D5CD0CAD58F74BDAA1E068B2 /* Gilroy-BoldItalic.ttf in Resources */ = {isa = PBXBuildFile; fileRef = E97C65AF34D24A3EA930AF13 /* Gilroy-BoldItalic.ttf */; };
		D6245F5E5CB04F42BF99363C /* Gilroy-SemiBoldItalic.ttf in Resources */ = {isa = PBXBuildFile; fileRef = 357708E1CBC54B249CC169CA /* Gilroy-SemiBoldItalic.ttf */; };
		DB3034499158469F992E4CAF /* Gilroy-MediumItalic.ttf in Resources */ = {isa = PBXBuildFile; fileRef = DAA690EC16B64574B3694673 /* Gilroy-MediumItalic.ttf */; };
		DF9B7C5FB19A4A87B040AC0B /* Lexend-Bold.ttf in Resources */ = {isa = PBXBuildFile; fileRef = E6AB8982BFC74A9AA8FB0666 /* Lexend-Bold.ttf */; };
		EFAC0FAB29624646A473DD9D /* Gilroy-BlackItalic.ttf in Resources */ = {isa = PBXBuildFile; fileRef = EAD005BF6BE94C36A9723E79 /* Gilroy-BlackItalic.ttf */; };
		F0ADCB584FE545EB8713F4AB /* Lexend-Regular.ttf in Resources */ = {isa = PBXBuildFile; fileRef = 2259FF44459C424893F021BC /* Lexend-Regular.ttf */; };
		F3A666D26D2B4CE89D7F744F /* Gilroy-ExtraBoldItalic.ttf in Resources */ = {isa = PBXBuildFile; fileRef = BB676DDB6277416F9EF7DDEC /* Gilroy-ExtraBoldItalic.ttf */; };
		F4C8BFF27CE441028A2B3FC0 /* Gilroy-SemiBold.ttf in Resources */ = {isa = PBXBuildFile; fileRef = 20F1DE77B6414AC991E8B26D /* Gilroy-SemiBold.ttf */; };
		F5E94A14219445BA87BC0C6B /* Gilroy-LightItalic.ttf in Resources */ = {isa = PBXBuildFile; fileRef = 8449DA87E657497B8F7197FF /* Gilroy-LightItalic.ttf */; };
		FB578C264FA34DF59BF5415E /* Gilroy-Heavy.ttf in Resources */ = {isa = PBXBuildFile; fileRef = 6319575799A147B1A6EF501D /* Gilroy-Heavy.ttf */; };
/* End PBXBuildFile section */

/* Begin PBXFileReference section */
		02615031D9A24643B279DD6C /* Lexend-Medium.ttf */ = {isa = PBXFileReference; explicitFileType = undefined; fileEncoding = 9; includeInIndex = 0; lastKnownFileType = unknown; name = "Lexend-Medium.ttf"; path = "../src/assets/fonts/Lexend-Medium.ttf"; sourceTree = "<group>"; };
		031D67B354544D849E222F1A /* SimpleLineIcons.ttf */ = {isa = PBXFileReference; explicitFileType = undefined; fileEncoding = 9; includeInIndex = 0; lastKnownFileType = unknown; name = SimpleLineIcons.ttf; path = ../src/assets/fonts/SimpleLineIcons.ttf; sourceTree = "<group>"; };
		03BAEBA8F7914EF885006597 /* EvilIcons.ttf */ = {isa = PBXFileReference; explicitFileType = undefined; fileEncoding = 9; includeInIndex = 0; lastKnownFileType = unknown; name = EvilIcons.ttf; path = ../src/assets/fonts/EvilIcons.ttf; sourceTree = "<group>"; };
		067B20D836C247A7819425CB /* Fontisto.ttf */ = {isa = PBXFileReference; explicitFileType = undefined; fileEncoding = 9; includeInIndex = 0; lastKnownFileType = unknown; name = Fontisto.ttf; path = ../src/assets/fonts/Fontisto.ttf; sourceTree = "<group>"; };
		08A28A0B4BAE4EDCAA6E6188 /* FontAwesome5_Regular.ttf */ = {isa = PBXFileReference; explicitFileType = undefined; fileEncoding = 9; includeInIndex = 0; lastKnownFileType = unknown; name = FontAwesome5_Regular.ttf; path = ../src/assets/fonts/FontAwesome5_Regular.ttf; sourceTree = "<group>"; };
		109F147EADF94665A3F8C434 /* Entypo.ttf */ = {isa = PBXFileReference; explicitFileType = undefined; fileEncoding = 9; includeInIndex = 0; lastKnownFileType = unknown; name = Entypo.ttf; path = ../src/assets/fonts/Entypo.ttf; sourceTree = "<group>"; };
		1372BB2D755446CA9A6D52DC /* FontAwesome6_Brands.ttf */ = {isa = PBXFileReference; explicitFileType = undefined; fileEncoding = 9; includeInIndex = 0; lastKnownFileType = unknown; name = FontAwesome6_Brands.ttf; path = ../src/assets/fonts/FontAwesome6_Brands.ttf; sourceTree = "<group>"; };
		13B07F961A680F5B00A75B9A /* AMKTest.app */ = {isa = PBXFileReference; explicitFileType = wrapper.application; includeInIndex = 0; path = AMKTest.app; sourceTree = BUILT_PRODUCTS_DIR; };
		13B07FB51A68108700A75B9A /* Images.xcassets */ = {isa = PBXFileReference; lastKnownFileType = folder.assetcatalog; name = Images.xcassets; path = AMKTest/Images.xcassets; sourceTree = "<group>"; };
		13B07FB61A68108700A75B9A /* Info.plist */ = {isa = PBXFileReference; fileEncoding = 4; lastKnownFileType = text.plist.xml; name = Info.plist; path = AMKTest/Info.plist; sourceTree = "<group>"; };
		13B07FB81A68108700A75B9A /* PrivacyInfo.xcprivacy */ = {isa = PBXFileReference; fileEncoding = 4; lastKnownFileType = text.plist.xml; name = PrivacyInfo.xcprivacy; path = AMKTest/PrivacyInfo.xcprivacy; sourceTree = "<group>"; };
		1CFF04DBF30C4ED083FC76E5 /* Feather.ttf */ = {isa = PBXFileReference; explicitFileType = undefined; fileEncoding = 9; includeInIndex = 0; lastKnownFileType = unknown; name = Feather.ttf; path = ../src/assets/fonts/Feather.ttf; sourceTree = "<group>"; };
		1F2DB137C09B4DA2B298FB2E /* AntDesign.ttf */ = {isa = PBXFileReference; explicitFileType = undefined; fileEncoding = 9; includeInIndex = 0; lastKnownFileType = unknown; name = AntDesign.ttf; path = ../src/assets/fonts/AntDesign.ttf; sourceTree = "<group>"; };
		20F1DE77B6414AC991E8B26D /* Gilroy-SemiBold.ttf */ = {isa = PBXFileReference; explicitFileType = undefined; fileEncoding = 9; includeInIndex = 0; lastKnownFileType = unknown; name = "Gilroy-SemiBold.ttf"; path = "../src/assets/fonts/Gilroy-SemiBold.ttf"; sourceTree = "<group>"; };
		213E5D6664CC46E7A456AA76 /* Gilroy-RegularItalic.ttf */ = {isa = PBXFileReference; explicitFileType = undefined; fileEncoding = 9; includeInIndex = 0; lastKnownFileType = unknown; name = "Gilroy-RegularItalic.ttf"; path = "../src/assets/fonts/Gilroy-RegularItalic.ttf"; sourceTree = "<group>"; };
		2259FF44459C424893F021BC /* Lexend-Regular.ttf */ = {isa = PBXFileReference; explicitFileType = undefined; fileEncoding = 9; includeInIndex = 0; lastKnownFileType = unknown; name = "Lexend-Regular.ttf"; path = "../src/assets/fonts/Lexend-Regular.ttf"; sourceTree = "<group>"; };
		26F1FDADAD594186AF7EB5EA /* Gilroy-Thin.ttf */ = {isa = PBXFileReference; explicitFileType = undefined; fileEncoding = 9; includeInIndex = 0; lastKnownFileType = unknown; name = "Gilroy-Thin.ttf"; path = "../src/assets/fonts/Gilroy-Thin.ttf"; sourceTree = "<group>"; };
		27969558AA7A466F9D71FDEB /* Lexend-ExtraBold.ttf */ = {isa = PBXFileReference; explicitFileType = undefined; fileEncoding = 9; includeInIndex = 0; lastKnownFileType = unknown; name = "Lexend-ExtraBold.ttf"; path = "../src/assets/fonts/Lexend-ExtraBold.ttf"; sourceTree = "<group>"; };
		28643E4D416D4D4F9988448A /* MaterialCommunityIcons.ttf */ = {isa = PBXFileReference; explicitFileType = undefined; fileEncoding = 9; includeInIndex = 0; lastKnownFileType = unknown; name = MaterialCommunityIcons.ttf; path = ../src/assets/fonts/MaterialCommunityIcons.ttf; sourceTree = "<group>"; };
		32E043A3A3A848FEB039F7BB /* Gilroy-UltraLight.ttf */ = {isa = PBXFileReference; explicitFileType = undefined; fileEncoding = 9; includeInIndex = 0; lastKnownFileType = unknown; name = "Gilroy-UltraLight.ttf"; path = "../src/assets/fonts/Gilroy-UltraLight.ttf"; sourceTree = "<group>"; };
		357708E1CBC54B249CC169CA /* Gilroy-SemiBoldItalic.ttf */ = {isa = PBXFileReference; explicitFileType = undefined; fileEncoding = 9; includeInIndex = 0; lastKnownFileType = unknown; name = "Gilroy-SemiBoldItalic.ttf"; path = "../src/assets/fonts/Gilroy-SemiBoldItalic.ttf"; sourceTree = "<group>"; };
		3851D65EC38741509F412DAF /* FontAwesome5_Solid.ttf */ = {isa = PBXFileReference; explicitFileType = undefined; fileEncoding = 9; includeInIndex = 0; lastKnownFileType = unknown; name = FontAwesome5_Solid.ttf; path = ../src/assets/fonts/FontAwesome5_Solid.ttf; sourceTree = "<group>"; };
		3B4392A12AC88292D35C810B /* Pods-AMKTest.debug.xcconfig */ = {isa = PBXFileReference; includeInIndex = 1; lastKnownFileType = text.xcconfig; name = "Pods-AMKTest.debug.xcconfig"; path = "Target Support Files/Pods-AMKTest/Pods-AMKTest.debug.xcconfig"; sourceTree = "<group>"; };
		4B7FCF33EE0142DA85C00E61 /* Lexend-Thin.ttf */ = {isa = PBXFileReference; explicitFileType = undefined; fileEncoding = 9; includeInIndex = 0; lastKnownFileType = unknown; name = "Lexend-Thin.ttf"; path = "../src/assets/fonts/Lexend-Thin.ttf"; sourceTree = "<group>"; };
		5709B34CF0A7D63546082F79 /* Pods-AMKTest.release.xcconfig */ = {isa = PBXFileReference; includeInIndex = 1; lastKnownFileType = text.xcconfig; name = "Pods-AMKTest.release.xcconfig"; path = "Target Support Files/Pods-AMKTest/Pods-AMKTest.release.xcconfig"; sourceTree = "<group>"; };
		59FAE89FA1C64BC98B24E2CA /* FontAwesome6_Solid.ttf */ = {isa = PBXFileReference; explicitFileType = undefined; fileEncoding = 9; includeInIndex = 0; lastKnownFileType = unknown; name = FontAwesome6_Solid.ttf; path = ../src/assets/fonts/FontAwesome6_Solid.ttf; sourceTree = "<group>"; };
		5DCACB8F33CDC322A6C60F78 /* libPods-AMKTest.a */ = {isa = PBXFileReference; explicitFileType = archive.ar; includeInIndex = 0; path = "libPods-AMKTest.a"; sourceTree = BUILT_PRODUCTS_DIR; };
		6319575799A147B1A6EF501D /* Gilroy-Heavy.ttf */ = {isa = PBXFileReference; explicitFileType = undefined; fileEncoding = 9; includeInIndex = 0; lastKnownFileType = unknown; name = "Gilroy-Heavy.ttf"; path = "../src/assets/fonts/Gilroy-Heavy.ttf"; sourceTree = "<group>"; };
		761780EC2CA45674006654EE /* AppDelegate.swift */ = {isa = PBXFileReference; lastKnownFileType = sourcecode.swift; name = AppDelegate.swift; path = AMKTest/AppDelegate.swift; sourceTree = "<group>"; };
		7D40DFB155A948BFB34B0524 /* FontAwesome.ttf */ = {isa = PBXFileReference; explicitFileType = undefined; fileEncoding = 9; includeInIndex = 0; lastKnownFileType = unknown; name = FontAwesome.ttf; path = ../src/assets/fonts/FontAwesome.ttf; sourceTree = "<group>"; };
		7F4B053580BF43E0AF4D136A /* Lexend-Black.ttf */ = {isa = PBXFileReference; explicitFileType = undefined; fileEncoding = 9; includeInIndex = 0; lastKnownFileType = unknown; name = "Lexend-Black.ttf"; path = "../src/assets/fonts/Lexend-Black.ttf"; sourceTree = "<group>"; };
		81AB9BB72411601600AC10FF /* LaunchScreen.storyboard */ = {isa = PBXFileReference; fileEncoding = 4; lastKnownFileType = file.storyboard; name = LaunchScreen.storyboard; path = AMKTest/LaunchScreen.storyboard; sourceTree = "<group>"; };
		8449DA87E657497B8F7197FF /* Gilroy-LightItalic.ttf */ = {isa = PBXFileReference; explicitFileType = undefined; fileEncoding = 9; includeInIndex = 0; lastKnownFileType = unknown; name = "Gilroy-LightItalic.ttf"; path = "../src/assets/fonts/Gilroy-LightItalic.ttf"; sourceTree = "<group>"; };
		88B3B2A59B4E4D3E9F87F628 /* Gilroy-Bold.ttf */ = {isa = PBXFileReference; explicitFileType = undefined; fileEncoding = 9; includeInIndex = 0; lastKnownFileType = unknown; name = "Gilroy-Bold.ttf"; path = "../src/assets/fonts/Gilroy-Bold.ttf"; sourceTree = "<group>"; };
		8C5A68943EF244CD8B2CC3C3 /* Gilroy-UltraLightItalic.ttf */ = {isa = PBXFileReference; explicitFileType = undefined; fileEncoding = 9; includeInIndex = 0; lastKnownFileType = unknown; name = "Gilroy-UltraLightItalic.ttf"; path = "../src/assets/fonts/Gilroy-UltraLightItalic.ttf"; sourceTree = "<group>"; };
		8FA9F09A1CB541A5B5CA1C13 /* Gilroy-Medium.ttf */ = {isa = PBXFileReference; explicitFileType = undefined; fileEncoding = 9; includeInIndex = 0; lastKnownFileType = unknown; name = "Gilroy-Medium.ttf"; path = "../src/assets/fonts/Gilroy-Medium.ttf"; sourceTree = "<group>"; };
		92702BFC983F45BC944DA392 /* Gilroy-Black.ttf */ = {isa = PBXFileReference; explicitFileType = undefined; fileEncoding = 9; includeInIndex = 0; lastKnownFileType = unknown; name = "Gilroy-Black.ttf"; path = "../src/assets/fonts/Gilroy-Black.ttf"; sourceTree = "<group>"; };
		9684D8C2FB2749D3A1B46F15 /* MaterialIcons.ttf */ = {isa = PBXFileReference; explicitFileType = undefined; fileEncoding = 9; includeInIndex = 0; lastKnownFileType = unknown; name = MaterialIcons.ttf; path = ../src/assets/fonts/MaterialIcons.ttf; sourceTree = "<group>"; };
		98DA5368663748CDB20D0689 /* FontAwesome5_Brands.ttf */ = {isa = PBXFileReference; explicitFileType = undefined; fileEncoding = 9; includeInIndex = 0; lastKnownFileType = unknown; name = FontAwesome5_Brands.ttf; path = ../src/assets/fonts/FontAwesome5_Brands.ttf; sourceTree = "<group>"; };
		9D60214FCBE4472E8EA88220 /* Foundation.ttf */ = {isa = PBXFileReference; explicitFileType = undefined; fileEncoding = 9; includeInIndex = 0; lastKnownFileType = unknown; name = Foundation.ttf; path = ../src/assets/fonts/Foundation.ttf; sourceTree = "<group>"; };
		A8E7544E4E5A42FDA3915423 /* Zocial.ttf */ = {isa = PBXFileReference; explicitFileType = undefined; fileEncoding = 9; includeInIndex = 0; lastKnownFileType = unknown; name = Zocial.ttf; path = ../src/assets/fonts/Zocial.ttf; sourceTree = "<group>"; };
		AE62D6ECE25E409C825E9B2C /* Gilroy-HeavyItalic.ttf */ = {isa = PBXFileReference; explicitFileType = undefined; fileEncoding = 9; includeInIndex = 0; lastKnownFileType = unknown; name = "Gilroy-HeavyItalic.ttf"; path = "../src/assets/fonts/Gilroy-HeavyItalic.ttf"; sourceTree = "<group>"; };
		B1CF8602FFC64FB9880E95F4 /* FontAwesome6_Regular.ttf */ = {isa = PBXFileReference; explicitFileType = undefined; fileEncoding = 9; includeInIndex = 0; lastKnownFileType = unknown; name = FontAwesome6_Regular.ttf; path = ../src/assets/fonts/FontAwesome6_Regular.ttf; sourceTree = "<group>"; };
		B325E58E662E4AC8B10DC8EA /* Lexend-ExtraLight.ttf */ = {isa = PBXFileReference; explicitFileType = undefined; fileEncoding = 9; includeInIndex = 0; lastKnownFileType = unknown; name = "Lexend-ExtraLight.ttf"; path = "../src/assets/fonts/Lexend-ExtraLight.ttf"; sourceTree = "<group>"; };
		BB676DDB6277416F9EF7DDEC /* Gilroy-ExtraBoldItalic.ttf */ = {isa = PBXFileReference; explicitFileType = undefined; fileEncoding = 9; includeInIndex = 0; lastKnownFileType = unknown; name = "Gilroy-ExtraBoldItalic.ttf"; path = "../src/assets/fonts/Gilroy-ExtraBoldItalic.ttf"; sourceTree = "<group>"; };
		BDB5D605234643E3B9BFC803 /* Gilroy-Light.ttf */ = {isa = PBXFileReference; explicitFileType = undefined; fileEncoding = 9; includeInIndex = 0; lastKnownFileType = unknown; name = "Gilroy-Light.ttf"; path = "../src/assets/fonts/Gilroy-Light.ttf"; sourceTree = "<group>"; };
		C004CEF5759F4CDE83C8C0B1 /* Gilroy-Regular.ttf */ = {isa = PBXFileReference; explicitFileType = undefined; fileEncoding = 9; includeInIndex = 0; lastKnownFileType = unknown; name = "Gilroy-Regular.ttf"; path = "../src/assets/fonts/Gilroy-Regular.ttf"; sourceTree = "<group>"; };
		CCFA3E1B482642A8B18468FF /* Lexend-Light.ttf */ = {isa = PBXFileReference; explicitFileType = undefined; fileEncoding = 9; includeInIndex = 0; lastKnownFileType = unknown; name = "Lexend-Light.ttf"; path = "../src/assets/fonts/Lexend-Light.ttf"; sourceTree = "<group>"; };
		DAA0BE5815A740D3AC75A13A /* Gilroy-ExtraBold.ttf */ = {isa = PBXFileReference; explicitFileType = undefined; fileEncoding = 9; includeInIndex = 0; lastKnownFileType = unknown; name = "Gilroy-ExtraBold.ttf"; path = "../src/assets/fonts/Gilroy-ExtraBold.ttf"; sourceTree = "<group>"; };
		DAA690EC16B64574B3694673 /* Gilroy-MediumItalic.ttf */ = {isa = PBXFileReference; explicitFileType = undefined; fileEncoding = 9; includeInIndex = 0; lastKnownFileType = unknown; name = "Gilroy-MediumItalic.ttf"; path = "../src/assets/fonts/Gilroy-MediumItalic.ttf"; sourceTree = "<group>"; };
		E0513C7EE5E04E79B55E5586 /* Ionicons.ttf */ = {isa = PBXFileReference; explicitFileType = undefined; fileEncoding = 9; includeInIndex = 0; lastKnownFileType = unknown; name = Ionicons.ttf; path = ../src/assets/fonts/Ionicons.ttf; sourceTree = "<group>"; };
		E2A46F5A8181498588FEBD2B /* Gilroy-ThinItalic.ttf */ = {isa = PBXFileReference; explicitFileType = undefined; fileEncoding = 9; includeInIndex = 0; lastKnownFileType = unknown; name = "Gilroy-ThinItalic.ttf"; path = "../src/assets/fonts/Gilroy-ThinItalic.ttf"; sourceTree = "<group>"; };
		E692B19AE75A4A8D81B6FD17 /* Lexend-SemiBold.ttf */ = {isa = PBXFileReference; explicitFileType = undefined; fileEncoding = 9; includeInIndex = 0; lastKnownFileType = unknown; name = "Lexend-SemiBold.ttf"; path = "../src/assets/fonts/Lexend-SemiBold.ttf"; sourceTree = "<group>"; };
		E6AB8982BFC74A9AA8FB0666 /* Lexend-Bold.ttf */ = {isa = PBXFileReference; explicitFileType = undefined; fileEncoding = 9; includeInIndex = 0; lastKnownFileType = unknown; name = "Lexend-Bold.ttf"; path = "../src/assets/fonts/Lexend-Bold.ttf"; sourceTree = "<group>"; };
		E97C65AF34D24A3EA930AF13 /* Gilroy-BoldItalic.ttf */ = {isa = PBXFileReference; explicitFileType = undefined; fileEncoding = 9; includeInIndex = 0; lastKnownFileType = unknown; name = "Gilroy-BoldItalic.ttf"; path = "../src/assets/fonts/Gilroy-BoldItalic.ttf"; sourceTree = "<group>"; };
		EAD005BF6BE94C36A9723E79 /* Gilroy-BlackItalic.ttf */ = {isa = PBXFileReference; explicitFileType = undefined; fileEncoding = 9; includeInIndex = 0; lastKnownFileType = unknown; name = "Gilroy-BlackItalic.ttf"; path = "../src/assets/fonts/Gilroy-BlackItalic.ttf"; sourceTree = "<group>"; };
		ED297162215061F000B7C4FE /* JavaScriptCore.framework */ = {isa = PBXFileReference; lastKnownFileType = wrapper.framework; name = JavaScriptCore.framework; path = System/Library/Frameworks/JavaScriptCore.framework; sourceTree = SDKROOT; };
		F149D74E830B4190B0F23DAB /* Lexend-VariableFont_wght.ttf */ = {isa = PBXFileReference; explicitFileType = undefined; fileEncoding = 9; includeInIndex = 0; lastKnownFileType = unknown; name = "Lexend-VariableFont_wght.ttf"; path = "../src/assets/fonts/Lexend-VariableFont_wght.ttf"; sourceTree = "<group>"; };
		F8670AE33D7D4F77A11794C1 /* Octicons.ttf */ = {isa = PBXFileReference; explicitFileType = undefined; fileEncoding = 9; includeInIndex = 0; lastKnownFileType = unknown; name = Octicons.ttf; path = ../src/assets/fonts/Octicons.ttf; sourceTree = "<group>"; };
/* End PBXFileReference section */

/* Begin PBXFrameworksBuildPhase section */
		13B07F8C1A680F5B00A75B9A /* Frameworks */ = {
			isa = PBXFrameworksBuildPhase;
			buildActionMask = 2147483647;
			files = (
				0C80B921A6F3F58F76C31292 /* libPods-AMKTest.a in Frameworks */,
			);
			runOnlyForDeploymentPostprocessing = 0;
		};
/* End PBXFrameworksBuildPhase section */

/* Begin PBXGroup section */
		13B07FAE1A68108700A75B9A /* AMKTest */ = {
			isa = PBXGroup;
			children = (
				13B07FB51A68108700A75B9A /* Images.xcassets */,
				761780EC2CA45674006654EE /* AppDelegate.swift */,
				13B07FB61A68108700A75B9A /* Info.plist */,
				81AB9BB72411601600AC10FF /* LaunchScreen.storyboard */,
				13B07FB81A68108700A75B9A /* PrivacyInfo.xcprivacy */,
			);
			name = AMKTest;
			sourceTree = "<group>";
		};
		2D16E6871FA4F8E400B85C8A /* Frameworks */ = {
			isa = PBXGroup;
			children = (
				ED297162215061F000B7C4FE /* JavaScriptCore.framework */,
				5DCACB8F33CDC322A6C60F78 /* libPods-AMKTest.a */,
			);
			name = Frameworks;
			sourceTree = "<group>";
		};
		832341AE1AAA6A7D00B99B32 /* Libraries */ = {
			isa = PBXGroup;
			children = (
			);
			name = Libraries;
			sourceTree = "<group>";
		};
		83CBB9F61A601CBA00E9B192 = {
			isa = PBXGroup;
			children = (
				13B07FAE1A68108700A75B9A /* AMKTest */,
				832341AE1AAA6A7D00B99B32 /* Libraries */,
				83CBBA001A601CBA00E9B192 /* Products */,
				2D16E6871FA4F8E400B85C8A /* Frameworks */,
				BBD78D7AC51CEA395F1C20DB /* Pods */,
				F788D9905DAB4F328736F220 /* Resources */,
			);
			indentWidth = 2;
			sourceTree = "<group>";
			tabWidth = 2;
			usesTabs = 0;
		};
		83CBBA001A601CBA00E9B192 /* Products */ = {
			isa = PBXGroup;
			children = (
				13B07F961A680F5B00A75B9A /* AMKTest.app */,
			);
			name = Products;
			sourceTree = "<group>";
		};
		BBD78D7AC51CEA395F1C20DB /* Pods */ = {
			isa = PBXGroup;
			children = (
				3B4392A12AC88292D35C810B /* Pods-AMKTest.debug.xcconfig */,
				5709B34CF0A7D63546082F79 /* Pods-AMKTest.release.xcconfig */,
			);
			path = Pods;
			sourceTree = "<group>";
		};
		F788D9905DAB4F328736F220 /* Resources */ = {
			isa = PBXGroup;
			children = (
				1F2DB137C09B4DA2B298FB2E /* AntDesign.ttf */,
				109F147EADF94665A3F8C434 /* Entypo.ttf */,
				03BAEBA8F7914EF885006597 /* EvilIcons.ttf */,
				1CFF04DBF30C4ED083FC76E5 /* Feather.ttf */,
				7D40DFB155A948BFB34B0524 /* FontAwesome.ttf */,
				98DA5368663748CDB20D0689 /* FontAwesome5_Brands.ttf */,
				08A28A0B4BAE4EDCAA6E6188 /* FontAwesome5_Regular.ttf */,
				3851D65EC38741509F412DAF /* FontAwesome5_Solid.ttf */,
				1372BB2D755446CA9A6D52DC /* FontAwesome6_Brands.ttf */,
				B1CF8602FFC64FB9880E95F4 /* FontAwesome6_Regular.ttf */,
				59FAE89FA1C64BC98B24E2CA /* FontAwesome6_Solid.ttf */,
				067B20D836C247A7819425CB /* Fontisto.ttf */,
				9D60214FCBE4472E8EA88220 /* Foundation.ttf */,
				92702BFC983F45BC944DA392 /* Gilroy-Black.ttf */,
				EAD005BF6BE94C36A9723E79 /* Gilroy-BlackItalic.ttf */,
				88B3B2A59B4E4D3E9F87F628 /* Gilroy-Bold.ttf */,
				E97C65AF34D24A3EA930AF13 /* Gilroy-BoldItalic.ttf */,
				DAA0BE5815A740D3AC75A13A /* Gilroy-ExtraBold.ttf */,
				BB676DDB6277416F9EF7DDEC /* Gilroy-ExtraBoldItalic.ttf */,
				6319575799A147B1A6EF501D /* Gilroy-Heavy.ttf */,
				AE62D6ECE25E409C825E9B2C /* Gilroy-HeavyItalic.ttf */,
				BDB5D605234643E3B9BFC803 /* Gilroy-Light.ttf */,
				8449DA87E657497B8F7197FF /* Gilroy-LightItalic.ttf */,
				8FA9F09A1CB541A5B5CA1C13 /* Gilroy-Medium.ttf */,
				DAA690EC16B64574B3694673 /* Gilroy-MediumItalic.ttf */,
				C004CEF5759F4CDE83C8C0B1 /* Gilroy-Regular.ttf */,
				213E5D6664CC46E7A456AA76 /* Gilroy-RegularItalic.ttf */,
				20F1DE77B6414AC991E8B26D /* Gilroy-SemiBold.ttf */,
				357708E1CBC54B249CC169CA /* Gilroy-SemiBoldItalic.ttf */,
				26F1FDADAD594186AF7EB5EA /* Gilroy-Thin.ttf */,
				E2A46F5A8181498588FEBD2B /* Gilroy-ThinItalic.ttf */,
				32E043A3A3A848FEB039F7BB /* Gilroy-UltraLight.ttf */,
				8C5A68943EF244CD8B2CC3C3 /* Gilroy-UltraLightItalic.ttf */,
				E0513C7EE5E04E79B55E5586 /* Ionicons.ttf */,
				7F4B053580BF43E0AF4D136A /* Lexend-Black.ttf */,
				E6AB8982BFC74A9AA8FB0666 /* Lexend-Bold.ttf */,
				27969558AA7A466F9D71FDEB /* Lexend-ExtraBold.ttf */,
				B325E58E662E4AC8B10DC8EA /* Lexend-ExtraLight.ttf */,
				CCFA3E1B482642A8B18468FF /* Lexend-Light.ttf */,
				02615031D9A24643B279DD6C /* Lexend-Medium.ttf */,
				2259FF44459C424893F021BC /* Lexend-Regular.ttf */,
				E692B19AE75A4A8D81B6FD17 /* Lexend-SemiBold.ttf */,
				4B7FCF33EE0142DA85C00E61 /* Lexend-Thin.ttf */,
				F149D74E830B4190B0F23DAB /* Lexend-VariableFont_wght.ttf */,
				28643E4D416D4D4F9988448A /* MaterialCommunityIcons.ttf */,
				9684D8C2FB2749D3A1B46F15 /* MaterialIcons.ttf */,
				F8670AE33D7D4F77A11794C1 /* Octicons.ttf */,
				031D67B354544D849E222F1A /* SimpleLineIcons.ttf */,
				A8E7544E4E5A42FDA3915423 /* Zocial.ttf */,
			);
			name = Resources;
			sourceTree = "<group>";
		};
/* End PBXGroup section */

/* Begin PBXNativeTarget section */
		13B07F861A680F5B00A75B9A /* AMKTest */ = {
			isa = PBXNativeTarget;
			buildConfigurationList = 13B07F931A680F5B00A75B9A /* Build configuration list for PBXNativeTarget "AMKTest" */;
			buildPhases = (
				C38B50BA6285516D6DCD4F65 /* [CP] Check Pods Manifest.lock */,
				13B07F871A680F5B00A75B9A /* Sources */,
				13B07F8C1A680F5B00A75B9A /* Frameworks */,
				13B07F8E1A680F5B00A75B9A /* Resources */,
				00DD1BFF1BD5951E006B06BC /* Bundle React Native code and images */,
				00EEFC60759A1932668264C0 /* [CP] Embed Pods Frameworks */,
				E235C05ADACE081382539298 /* [CP] Copy Pods Resources */,
			);
			buildRules = (
			);
			dependencies = (
			);
			name = AMKTest;
			productName = AMKTest;
			productReference = 13B07F961A680F5B00A75B9A /* AMKTest.app */;
			productType = "com.apple.product-type.application";
		};
/* End PBXNativeTarget section */

/* Begin PBXProject section */
		83CBB9F71A601CBA00E9B192 /* Project object */ = {
			isa = PBXProject;
			attributes = {
				LastUpgradeCheck = 1210;
				TargetAttributes = {
					13B07F861A680F5B00A75B9A = {
						LastSwiftMigration = 1120;
					};
				};
			};
			buildConfigurationList = 83CBB9FA1A601CBA00E9B192 /* Build configuration list for PBXProject "AMKTest" */;
			compatibilityVersion = "Xcode 12.0";
			developmentRegion = en;
			hasScannedForEncodings = 0;
			knownRegions = (
				en,
				Base,
			);
			mainGroup = 83CBB9F61A601CBA00E9B192;
			productRefGroup = 83CBBA001A601CBA00E9B192 /* Products */;
			projectDirPath = "";
			projectRoot = "";
			targets = (
				13B07F861A680F5B00A75B9A /* AMKTest */,
			);
		};
/* End PBXProject section */

/* Begin PBXResourcesBuildPhase section */
		13B07F8E1A680F5B00A75B9A /* Resources */ = {
			isa = PBXResourcesBuildPhase;
			buildActionMask = 2147483647;
			files = (
				81AB9BB82411601600AC10FF /* LaunchScreen.storyboard in Resources */,
				13B07FBF1A68108700A75B9A /* Images.xcassets in Resources */,
				6A397EB51FC066EEE57E08A9 /* PrivacyInfo.xcprivacy in Resources */,
				D1C7EA4D3FB9458B8CF79543 /* Gilroy-Black.ttf in Resources */,
				EFAC0FAB29624646A473DD9D /* Gilroy-BlackItalic.ttf in Resources */,
				B69A54FE408644A0B8AED45C /* Gilroy-Bold.ttf in Resources */,
				D5CD0CAD58F74BDAA1E068B2 /* Gilroy-BoldItalic.ttf in Resources */,
				2A084C04B10D416DB6FF94AD /* Gilroy-ExtraBold.ttf in Resources */,
				F3A666D26D2B4CE89D7F744F /* Gilroy-ExtraBoldItalic.ttf in Resources */,
				FB578C264FA34DF59BF5415E /* Gilroy-Heavy.ttf in Resources */,
				95CDFFE7588845329E9641AE /* Gilroy-HeavyItalic.ttf in Resources */,
				3FB43AFC871245D0B0C9EE85 /* Gilroy-Light.ttf in Resources */,
				F5E94A14219445BA87BC0C6B /* Gilroy-LightItalic.ttf in Resources */,
				90A9A750929D4250A9DD7BE2 /* Gilroy-Medium.ttf in Resources */,
				DB3034499158469F992E4CAF /* Gilroy-MediumItalic.ttf in Resources */,
				CB0F0091F77844ED9BC6A800 /* Gilroy-Regular.ttf in Resources */,
				2A53CC395D274D448F8931DE /* Gilroy-RegularItalic.ttf in Resources */,
				F4C8BFF27CE441028A2B3FC0 /* Gilroy-SemiBold.ttf in Resources */,
				D6245F5E5CB04F42BF99363C /* Gilroy-SemiBoldItalic.ttf in Resources */,
				BD1BBA3B60BA4308A8098737 /* Gilroy-Thin.ttf in Resources */,
				5D5D184458184FDEB0324A4C /* Gilroy-ThinItalic.ttf in Resources */,
				228FBD4522014DDFB9CAB0A9 /* Gilroy-UltraLight.ttf in Resources */,
				D348FDCC1EEF4CB389471194 /* Gilroy-UltraLightItalic.ttf in Resources */,
				9CDD5A4213184BA0A3D0DFEA /* Lexend-Black.ttf in Resources */,
				DF9B7C5FB19A4A87B040AC0B /* Lexend-Bold.ttf in Resources */,
				67187D62274941E8AA4BEF2F /* Lexend-ExtraBold.ttf in Resources */,
				A2614AE1564444B1AAE71B92 /* Lexend-ExtraLight.ttf in Resources */,
				99833F764C1B4ECD83936B0B /* Lexend-Light.ttf in Resources */,
				3A47E48224DC422E964C4F9A /* Lexend-Medium.ttf in Resources */,
				F0ADCB584FE545EB8713F4AB /* Lexend-Regular.ttf in Resources */,
				258C1F3FA9C74AC1A3014FC6 /* Lexend-SemiBold.ttf in Resources */,
				2F6D963DDF574C9E8E9507CC /* Lexend-Thin.ttf in Resources */,
				D3325FF9DC18425EB8ED5116 /* Lexend-VariableFont_wght.ttf in Resources */,
			);
			runOnlyForDeploymentPostprocessing = 0;
		};
/* End PBXResourcesBuildPhase section */

/* Begin PBXShellScriptBuildPhase section */
		00DD1BFF1BD5951E006B06BC /* Bundle React Native code and images */ = {
			isa = PBXShellScriptBuildPhase;
			buildActionMask = 2147483647;
			files = (
			);
			inputPaths = (
				"$(SRCROOT)/.xcode.env.local",
				"$(SRCROOT)/.xcode.env",
			);
			name = "Bundle React Native code and images";
			outputPaths = (
			);
			runOnlyForDeploymentPostprocessing = 0;
			shellPath = /bin/sh;
			shellScript = "set -e\n\nWITH_ENVIRONMENT=\"$REACT_NATIVE_PATH/scripts/xcode/with-environment.sh\"\nREACT_NATIVE_XCODE=\"$REACT_NATIVE_PATH/scripts/react-native-xcode.sh\"\n\n/bin/sh -c \"$WITH_ENVIRONMENT $REACT_NATIVE_XCODE\"\n";
		};
		00EEFC60759A1932668264C0 /* [CP] Embed Pods Frameworks */ = {
			isa = PBXShellScriptBuildPhase;
			buildActionMask = 2147483647;
			files = (
			);
			inputFileListPaths = (
				"${PODS_ROOT}/Target Support Files/Pods-AMKTest/Pods-AMKTest-frameworks-${CONFIGURATION}-input-files.xcfilelist",
			);
			name = "[CP] Embed Pods Frameworks";
			outputFileListPaths = (
				"${PODS_ROOT}/Target Support Files/Pods-AMKTest/Pods-AMKTest-frameworks-${CONFIGURATION}-output-files.xcfilelist",
			);
			runOnlyForDeploymentPostprocessing = 0;
			shellPath = /bin/sh;
			shellScript = "\"${PODS_ROOT}/Target Support Files/Pods-AMKTest/Pods-AMKTest-frameworks.sh\"\n";
			showEnvVarsInLog = 0;
		};
		C38B50BA6285516D6DCD4F65 /* [CP] Check Pods Manifest.lock */ = {
			isa = PBXShellScriptBuildPhase;
			buildActionMask = 2147483647;
			files = (
			);
			inputFileListPaths = (
			);
			inputPaths = (
				"${PODS_PODFILE_DIR_PATH}/Podfile.lock",
				"${PODS_ROOT}/Manifest.lock",
			);
			name = "[CP] Check Pods Manifest.lock";
			outputFileListPaths = (
			);
			outputPaths = (
				"$(DERIVED_FILE_DIR)/Pods-AMKTest-checkManifestLockResult.txt",
			);
			runOnlyForDeploymentPostprocessing = 0;
			shellPath = /bin/sh;
			shellScript = "diff \"${PODS_PODFILE_DIR_PATH}/Podfile.lock\" \"${PODS_ROOT}/Manifest.lock\" > /dev/null\nif [ $? != 0 ] ; then\n    # print error to STDERR\n    echo \"error: The sandbox is not in sync with the Podfile.lock. Run 'pod install' or update your CocoaPods installation.\" >&2\n    exit 1\nfi\n# This output is used by Xcode 'outputs' to avoid re-running this script phase.\necho \"SUCCESS\" > \"${SCRIPT_OUTPUT_FILE_0}\"\n";
			showEnvVarsInLog = 0;
		};
		E235C05ADACE081382539298 /* [CP] Copy Pods Resources */ = {
			isa = PBXShellScriptBuildPhase;
			buildActionMask = 2147483647;
			files = (
			);
			inputFileListPaths = (
				"${PODS_ROOT}/Target Support Files/Pods-AMKTest/Pods-AMKTest-resources-${CONFIGURATION}-input-files.xcfilelist",
			);
			name = "[CP] Copy Pods Resources";
			outputFileListPaths = (
				"${PODS_ROOT}/Target Support Files/Pods-AMKTest/Pods-AMKTest-resources-${CONFIGURATION}-output-files.xcfilelist",
			);
			runOnlyForDeploymentPostprocessing = 0;
			shellPath = /bin/sh;
			shellScript = "\"${PODS_ROOT}/Target Support Files/Pods-AMKTest/Pods-AMKTest-resources.sh\"\n";
			showEnvVarsInLog = 0;
		};
/* End PBXShellScriptBuildPhase section */

/* Begin PBXSourcesBuildPhase section */
		13B07F871A680F5B00A75B9A /* Sources */ = {
			isa = PBXSourcesBuildPhase;
			buildActionMask = 2147483647;
			files = (
				761780ED2CA45674006654EE /* AppDelegate.swift in Sources */,
			);
			runOnlyForDeploymentPostprocessing = 0;
		};
/* End PBXSourcesBuildPhase section */

/* Begin XCBuildConfiguration section */
		13B07F941A680F5B00A75B9A /* Debug */ = {
			isa = XCBuildConfiguration;
			baseConfigurationReference = 3B4392A12AC88292D35C810B /* Pods-AMKTest.debug.xcconfig */;
			buildSettings = {
				ASSETCATALOG_COMPILER_APPICON_NAME = AppIcon;
				CLANG_ENABLE_MODULES = YES;
				CURRENT_PROJECT_VERSION = 1;
				ENABLE_BITCODE = NO;
				INFOPLIST_FILE = AMKTest/Info.plist;
				IPHONEOS_DEPLOYMENT_TARGET = 15.1;
				LD_RUNPATH_SEARCH_PATHS = (
					"$(inherited)",
					"@executable_path/Frameworks",
				);
				MARKETING_VERSION = 1.0;
				OTHER_LDFLAGS = (
					"$(inherited)",
					"-ObjC",
					"-lc++",
				);
				PRODUCT_BUNDLE_IDENTIFIER = "org.reactjs.native.example.$(PRODUCT_NAME:rfc1034identifier)";
				PRODUCT_NAME = AMKTest;
				SWIFT_OPTIMIZATION_LEVEL = "-Onone";
				SWIFT_VERSION = 5.0;
				VERSIONING_SYSTEM = "apple-generic";
			};
			name = Debug;
		};
		13B07F951A680F5B00A75B9A /* Release */ = {
			isa = XCBuildConfiguration;
			baseConfigurationReference = 5709B34CF0A7D63546082F79 /* Pods-AMKTest.release.xcconfig */;
			buildSettings = {
				ASSETCATALOG_COMPILER_APPICON_NAME = AppIcon;
				CLANG_ENABLE_MODULES = YES;
				CURRENT_PROJECT_VERSION = 1;
				INFOPLIST_FILE = AMKTest/Info.plist;
				IPHONEOS_DEPLOYMENT_TARGET = 15.1;
				LD_RUNPATH_SEARCH_PATHS = (
					"$(inherited)",
					"@executable_path/Frameworks",
				);
				MARKETING_VERSION = 1.0;
				OTHER_LDFLAGS = (
					"$(inherited)",
					"-ObjC",
					"-lc++",
				);
				PRODUCT_BUNDLE_IDENTIFIER = "org.reactjs.native.example.$(PRODUCT_NAME:rfc1034identifier)";
				PRODUCT_NAME = AMKTest;
				SWIFT_VERSION = 5.0;
				VERSIONING_SYSTEM = "apple-generic";
			};
			name = Release;
		};
		83CBBA201A601CBA00E9B192 /* Debug */ = {
			isa = XCBuildConfiguration;
			buildSettings = {
				ALWAYS_SEARCH_USER_PATHS = NO;
				CLANG_ANALYZER_LOCALIZABILITY_NONLOCALIZED = YES;
				CLANG_CXX_LANGUAGE_STANDARD = "c++20";
				CLANG_CXX_LIBRARY = "libc++";
				CLANG_ENABLE_MODULES = YES;
				CLANG_ENABLE_OBJC_ARC = YES;
				CLANG_WARN_BLOCK_CAPTURE_AUTORELEASING = YES;
				CLANG_WARN_BOOL_CONVERSION = YES;
				CLANG_WARN_COMMA = YES;
				CLANG_WARN_CONSTANT_CONVERSION = YES;
				CLANG_WARN_DEPRECATED_OBJC_IMPLEMENTATIONS = YES;
				CLANG_WARN_DIRECT_OBJC_ISA_USAGE = YES_ERROR;
				CLANG_WARN_EMPTY_BODY = YES;
				CLANG_WARN_ENUM_CONVERSION = YES;
				CLANG_WARN_INFINITE_RECURSION = YES;
				CLANG_WARN_INT_CONVERSION = YES;
				CLANG_WARN_NON_LITERAL_NULL_CONVERSION = YES;
				CLANG_WARN_OBJC_IMPLICIT_RETAIN_SELF = YES;
				CLANG_WARN_OBJC_LITERAL_CONVERSION = YES;
				CLANG_WARN_OBJC_ROOT_CLASS = YES_ERROR;
				CLANG_WARN_QUOTED_INCLUDE_IN_FRAMEWORK_HEADER = YES;
				CLANG_WARN_RANGE_LOOP_ANALYSIS = YES;
				CLANG_WARN_STRICT_PROTOTYPES = YES;
				CLANG_WARN_SUSPICIOUS_MOVE = YES;
				CLANG_WARN_UNREACHABLE_CODE = YES;
				CLANG_WARN__DUPLICATE_METHOD_MATCH = YES;
				"CODE_SIGN_IDENTITY[sdk=iphoneos*]" = "iPhone Developer";
				COPY_PHASE_STRIP = NO;
				ENABLE_STRICT_OBJC_MSGSEND = YES;
				ENABLE_TESTABILITY = YES;
				"EXCLUDED_ARCHS[sdk=iphonesimulator*]" = "";
				GCC_C_LANGUAGE_STANDARD = gnu99;
				GCC_DYNAMIC_NO_PIC = NO;
				GCC_NO_COMMON_BLOCKS = YES;
				GCC_OPTIMIZATION_LEVEL = 0;
				GCC_PREPROCESSOR_DEFINITIONS = (
					"DEBUG=1",
					"$(inherited)",
				);
				GCC_SYMBOLS_PRIVATE_EXTERN = NO;
				GCC_WARN_64_TO_32_BIT_CONVERSION = YES;
				GCC_WARN_ABOUT_RETURN_TYPE = YES_ERROR;
				GCC_WARN_UNDECLARED_SELECTOR = YES;
				GCC_WARN_UNINITIALIZED_AUTOS = YES_AGGRESSIVE;
				GCC_WARN_UNUSED_FUNCTION = YES;
				GCC_WARN_UNUSED_VARIABLE = YES;
				IPHONEOS_DEPLOYMENT_TARGET = 15.1;
				LD_RUNPATH_SEARCH_PATHS = (
					/usr/lib/swift,
					"$(inherited)",
				);
				LIBRARY_SEARCH_PATHS = (
					"\"$(SDKROOT)/usr/lib/swift\"",
					"\"$(TOOLCHAIN_DIR)/usr/lib/swift/$(PLATFORM_NAME)\"",
					"\"$(inherited)\"",
				);
				MTL_ENABLE_DEBUG_INFO = YES;
				ONLY_ACTIVE_ARCH = YES;
				OTHER_CPLUSPLUSFLAGS = (
					"$(OTHER_CFLAGS)",
					"-DFOLLY_NO_CONFIG",
					"-DFOLLY_MOBILE=1",
					"-DFOLLY_USE_LIBCPP=1",
					"-DFOLLY_CFG_NO_COROUTINES=1",
					"-DFOLLY_HAVE_CLOCK_GETTIME=1",
				);
				REACT_NATIVE_PATH = "${PODS_ROOT}/../../node_modules/react-native";
				SDKROOT = iphoneos;
				SWIFT_ACTIVE_COMPILATION_CONDITIONS = "$(inherited) DEBUG";
				USE_HERMES = true;
			};
			name = Debug;
		};
		83CBBA211A601CBA00E9B192 /* Release */ = {
			isa = XCBuildConfiguration;
			buildSettings = {
				ALWAYS_SEARCH_USER_PATHS = NO;
				CLANG_ANALYZER_LOCALIZABILITY_NONLOCALIZED = YES;
				CLANG_CXX_LANGUAGE_STANDARD = "c++20";
				CLANG_CXX_LIBRARY = "libc++";
				CLANG_ENABLE_MODULES = YES;
				CLANG_ENABLE_OBJC_ARC = YES;
				CLANG_WARN_BLOCK_CAPTURE_AUTORELEASING = YES;
				CLANG_WARN_BOOL_CONVERSION = YES;
				CLANG_WARN_COMMA = YES;
				CLANG_WARN_CONSTANT_CONVERSION = YES;
				CLANG_WARN_DEPRECATED_OBJC_IMPLEMENTATIONS = YES;
				CLANG_WARN_DIRECT_OBJC_ISA_USAGE = YES_ERROR;
				CLANG_WARN_EMPTY_BODY = YES;
				CLANG_WARN_ENUM_CONVERSION = YES;
				CLANG_WARN_INFINITE_RECURSION = YES;
				CLANG_WARN_INT_CONVERSION = YES;
				CLANG_WARN_NON_LITERAL_NULL_CONVERSION = YES;
				CLANG_WARN_OBJC_IMPLICIT_RETAIN_SELF = YES;
				CLANG_WARN_OBJC_LITERAL_CONVERSION = YES;
				CLANG_WARN_OBJC_ROOT_CLASS = YES_ERROR;
				CLANG_WARN_QUOTED_INCLUDE_IN_FRAMEWORK_HEADER = YES;
				CLANG_WARN_RANGE_LOOP_ANALYSIS = YES;
				CLANG_WARN_STRICT_PROTOTYPES = YES;
				CLANG_WARN_SUSPICIOUS_MOVE = YES;
				CLANG_WARN_UNREACHABLE_CODE = YES;
				CLANG_WARN__DUPLICATE_METHOD_MATCH = YES;
				"CODE_SIGN_IDENTITY[sdk=iphoneos*]" = "iPhone Developer";
				COPY_PHASE_STRIP = YES;
				ENABLE_NS_ASSERTIONS = NO;
				ENABLE_STRICT_OBJC_MSGSEND = YES;
				"EXCLUDED_ARCHS[sdk=iphonesimulator*]" = "";
				GCC_C_LANGUAGE_STANDARD = gnu99;
				GCC_NO_COMMON_BLOCKS = YES;
				GCC_WARN_64_TO_32_BIT_CONVERSION = YES;
				GCC_WARN_ABOUT_RETURN_TYPE = YES_ERROR;
				GCC_WARN_UNDECLARED_SELECTOR = YES;
				GCC_WARN_UNINITIALIZED_AUTOS = YES_AGGRESSIVE;
				GCC_WARN_UNUSED_FUNCTION = YES;
				GCC_WARN_UNUSED_VARIABLE = YES;
				IPHONEOS_DEPLOYMENT_TARGET = 15.1;
				LD_RUNPATH_SEARCH_PATHS = (
					/usr/lib/swift,
					"$(inherited)",
				);
				LIBRARY_SEARCH_PATHS = (
					"\"$(SDKROOT)/usr/lib/swift\"",
					"\"$(TOOLCHAIN_DIR)/usr/lib/swift/$(PLATFORM_NAME)\"",
					"\"$(inherited)\"",
				);
				MTL_ENABLE_DEBUG_INFO = NO;
				OTHER_CPLUSPLUSFLAGS = (
					"$(OTHER_CFLAGS)",
					"-DFOLLY_NO_CONFIG",
					"-DFOLLY_MOBILE=1",
					"-DFOLLY_USE_LIBCPP=1",
					"-DFOLLY_CFG_NO_COROUTINES=1",
					"-DFOLLY_HAVE_CLOCK_GETTIME=1",
				);
				REACT_NATIVE_PATH = "${PODS_ROOT}/../../node_modules/react-native";
				SDKROOT = iphoneos;
				USE_HERMES = true;
				VALIDATE_PRODUCT = YES;
			};
			name = Release;
		};
/* End XCBuildConfiguration section */

/* Begin XCConfigurationList section */
		13B07F931A680F5B00A75B9A /* Build configuration list for PBXNativeTarget "AMKTest" */ = {
			isa = XCConfigurationList;
			buildConfigurations = (
				13B07F941A680F5B00A75B9A /* Debug */,
				13B07F951A680F5B00A75B9A /* Release */,
			);
			defaultConfigurationIsVisible = 0;
			defaultConfigurationName = Release;
		};
		83CBB9FA1A601CBA00E9B192 /* Build configuration list for PBXProject "AMKTest" */ = {
			isa = XCConfigurationList;
			buildConfigurations = (
				83CBBA201A601CBA00E9B192 /* Debug */,
				83CBBA211A601CBA00E9B192 /* Release */,
			);
			defaultConfigurationIsVisible = 0;
			defaultConfigurationName = Release;
		};
/* End XCConfigurationList section */
	};
	rootObject = 83CBB9F71A601CBA00E9B192 /* Project object */;
}
